// !$*UTF8*$!
{
	archiveVersion = 1;
	classes = {
	};
	objectVersion = 46;
	objects = {

/* Begin PBXBuildFile section */
		2711ED901EC801F300A7C115 /* AppDelegate.swift in Sources */ = {isa = PBXBuildFile; fileRef = 2711ED8F1EC801F300A7C115 /* AppDelegate.swift */; };
		2711ED921EC801F300A7C115 /* HomeViewController.swift in Sources */ = {isa = PBXBuildFile; fileRef = 2711ED911EC801F300A7C115 /* HomeViewController.swift */; };
		2711ED941EC801F300A7C115 /* NotificationViewController.swift in Sources */ = {isa = PBXBuildFile; fileRef = 2711ED931EC801F300A7C115 /* NotificationViewController.swift */; };
		2711ED971EC801F300A7C115 /* Main.storyboard in Resources */ = {isa = PBXBuildFile; fileRef = 2711ED951EC801F300A7C115 /* Main.storyboard */; };
		2711ED991EC801F300A7C115 /* Assets.xcassets in Resources */ = {isa = PBXBuildFile; fileRef = 2711ED981EC801F300A7C115 /* Assets.xcassets */; };
		2711ED9C1EC801F300A7C115 /* LaunchScreen.storyboard in Resources */ = {isa = PBXBuildFile; fileRef = 2711ED9A1EC801F300A7C115 /* LaunchScreen.storyboard */; };
		2711EDA71EC801F300A7C115 /* IdeaShareTests.swift in Sources */ = {isa = PBXBuildFile; fileRef = 2711EDA61EC801F300A7C115 /* IdeaShareTests.swift */; };
		2711EDB21EC801F300A7C115 /* IdeaShareUITests.swift in Sources */ = {isa = PBXBuildFile; fileRef = 2711EDB11EC801F300A7C115 /* IdeaShareUITests.swift */; };
		2711EDC01EC80A7E00A7C115 /* MessageViewController.swift in Sources */ = {isa = PBXBuildFile; fileRef = 2711EDBF1EC80A7E00A7C115 /* MessageViewController.swift */; };
		2711EDC21EC80A9700A7C115 /* PopularViewController.swift in Sources */ = {isa = PBXBuildFile; fileRef = 2711EDC11EC80A9700A7C115 /* PopularViewController.swift */; };
		2711EDC41EC80ABC00A7C115 /* ProfileViewController.swift in Sources */ = {isa = PBXBuildFile; fileRef = 2711EDC31EC80ABC00A7C115 /* ProfileViewController.swift */; };
		2711EDC61EC80AD800A7C115 /* SearchViewController.swift in Sources */ = {isa = PBXBuildFile; fileRef = 2711EDC51EC80AD800A7C115 /* SearchViewController.swift */; };
		2711EDC81EC8277F00A7C115 /* あがりお.png in Resources */ = {isa = PBXBuildFile; fileRef = 2711EDC71EC8277F00A7C115 /* あがりお.png */; };
		2795A7951EECEBC3002249F4 /* ProfileViewController.swift in Sources */ = {isa = PBXBuildFile; fileRef = 2711EDC31EC80ABC00A7C115 /* ProfileViewController.swift */; };
		2795A7961EECEBC3002249F4 /* ProfileViewController.swift in Sources */ = {isa = PBXBuildFile; fileRef = 2711EDC31EC80ABC00A7C115 /* ProfileViewController.swift */; };
		2795A7971EECEBC8002249F4 /* HomeViewController.swift in Sources */ = {isa = PBXBuildFile; fileRef = 2711ED911EC801F300A7C115 /* HomeViewController.swift */; };
		2795A7981EECEBC9002249F4 /* HomeViewController.swift in Sources */ = {isa = PBXBuildFile; fileRef = 2711ED911EC801F300A7C115 /* HomeViewController.swift */; };
		2795A7D61EED1DB0002249F4 /* TsubuyakuViewController.swift in Sources */ = {isa = PBXBuildFile; fileRef = 2795A7D51EED1DB0002249F4 /* TsubuyakuViewController.swift */; };
		2795A7D71EED1DB0002249F4 /* TsubuyakuViewController.swift in Sources */ = {isa = PBXBuildFile; fileRef = 2795A7D51EED1DB0002249F4 /* TsubuyakuViewController.swift */; };
		2795A7D81EED1DB0002249F4 /* TsubuyakuViewController.swift in Sources */ = {isa = PBXBuildFile; fileRef = 2795A7D51EED1DB0002249F4 /* TsubuyakuViewController.swift */; };
		B24A79581F2C1BFE0066A39A /* User.swift in Sources */ = {isa = PBXBuildFile; fileRef = B24A79571F2C1BFE0066A39A /* User.swift */; };
		B254DE941EFF75060013CCA7 /* CreateViewController.swift in Sources */ = {isa = PBXBuildFile; fileRef = B254DE931EFF75060013CCA7 /* CreateViewController.swift */; };
		B254DE961EFF91A50013CCA7 /* LoginViewController.swift in Sources */ = {isa = PBXBuildFile; fileRef = B254DE951EFF91A50013CCA7 /* LoginViewController.swift */; };
		B254DE981EFF91F50013CCA7 /* LaunchScreenViewController.swift in Sources */ = {isa = PBXBuildFile; fileRef = B254DE971EFF91F50013CCA7 /* LaunchScreenViewController.swift */; };
/* End PBXBuildFile section */

/* Begin PBXContainerItemProxy section */
		2711EDA31EC801F300A7C115 /* PBXContainerItemProxy */ = {
			isa = PBXContainerItemProxy;
			containerPortal = 2711ED841EC801F200A7C115 /* Project object */;
			proxyType = 1;
			remoteGlobalIDString = 2711ED8B1EC801F300A7C115;
			remoteInfo = IdeaShare;
		};
		2711EDAE1EC801F300A7C115 /* PBXContainerItemProxy */ = {
			isa = PBXContainerItemProxy;
			containerPortal = 2711ED841EC801F200A7C115 /* Project object */;
			proxyType = 1;
			remoteGlobalIDString = 2711ED8B1EC801F300A7C115;
			remoteInfo = IdeaShare;
		};
/* End PBXContainerItemProxy section */

/* Begin PBXFileReference section */
		2711ED8C1EC801F300A7C115 /* IdeaShare.app */ = {isa = PBXFileReference; explicitFileType = wrapper.application; includeInIndex = 0; path = IdeaShare.app; sourceTree = BUILT_PRODUCTS_DIR; };
		2711ED8F1EC801F300A7C115 /* AppDelegate.swift */ = {isa = PBXFileReference; lastKnownFileType = sourcecode.swift; path = AppDelegate.swift; sourceTree = "<group>"; };
		2711ED911EC801F300A7C115 /* HomeViewController.swift */ = {isa = PBXFileReference; lastKnownFileType = sourcecode.swift; path = HomeViewController.swift; sourceTree = "<group>"; };
		2711ED931EC801F300A7C115 /* NotificationViewController.swift */ = {isa = PBXFileReference; lastKnownFileType = sourcecode.swift; path = NotificationViewController.swift; sourceTree = "<group>"; };
		2711ED961EC801F300A7C115 /* Base */ = {isa = PBXFileReference; lastKnownFileType = file.storyboard; name = Base; path = Base.lproj/Main.storyboard; sourceTree = "<group>"; };
		2711ED981EC801F300A7C115 /* Assets.xcassets */ = {isa = PBXFileReference; lastKnownFileType = folder.assetcatalog; path = Assets.xcassets; sourceTree = "<group>"; };
		2711ED9B1EC801F300A7C115 /* Base */ = {isa = PBXFileReference; lastKnownFileType = file.storyboard; name = Base; path = Base.lproj/LaunchScreen.storyboard; sourceTree = "<group>"; };
		2711ED9D1EC801F300A7C115 /* Info.plist */ = {isa = PBXFileReference; lastKnownFileType = text.plist.xml; path = Info.plist; sourceTree = "<group>"; };
		2711EDA21EC801F300A7C115 /* IdeaShareTests.xctest */ = {isa = PBXFileReference; explicitFileType = wrapper.cfbundle; includeInIndex = 0; path = IdeaShareTests.xctest; sourceTree = BUILT_PRODUCTS_DIR; };
		2711EDA61EC801F300A7C115 /* IdeaShareTests.swift */ = {isa = PBXFileReference; lastKnownFileType = sourcecode.swift; path = IdeaShareTests.swift; sourceTree = "<group>"; };
		2711EDA81EC801F300A7C115 /* Info.plist */ = {isa = PBXFileReference; lastKnownFileType = text.plist.xml; path = Info.plist; sourceTree = "<group>"; };
		2711EDAD1EC801F300A7C115 /* IdeaShareUITests.xctest */ = {isa = PBXFileReference; explicitFileType = wrapper.cfbundle; includeInIndex = 0; path = IdeaShareUITests.xctest; sourceTree = BUILT_PRODUCTS_DIR; };
		2711EDB11EC801F300A7C115 /* IdeaShareUITests.swift */ = {isa = PBXFileReference; lastKnownFileType = sourcecode.swift; path = IdeaShareUITests.swift; sourceTree = "<group>"; };
		2711EDB31EC801F300A7C115 /* Info.plist */ = {isa = PBXFileReference; lastKnownFileType = text.plist.xml; path = Info.plist; sourceTree = "<group>"; };
		2711EDBF1EC80A7E00A7C115 /* MessageViewController.swift */ = {isa = PBXFileReference; fileEncoding = 4; lastKnownFileType = sourcecode.swift; path = MessageViewController.swift; sourceTree = "<group>"; };
		2711EDC11EC80A9700A7C115 /* PopularViewController.swift */ = {isa = PBXFileReference; fileEncoding = 4; lastKnownFileType = sourcecode.swift; path = PopularViewController.swift; sourceTree = "<group>"; };
		2711EDC31EC80ABC00A7C115 /* ProfileViewController.swift */ = {isa = PBXFileReference; fileEncoding = 4; lastKnownFileType = sourcecode.swift; path = ProfileViewController.swift; sourceTree = "<group>"; };
		2711EDC51EC80AD800A7C115 /* SearchViewController.swift */ = {isa = PBXFileReference; fileEncoding = 4; lastKnownFileType = sourcecode.swift; path = SearchViewController.swift; sourceTree = "<group>"; };
		2711EDC71EC8277F00A7C115 /* あがりお.png */ = {isa = PBXFileReference; lastKnownFileType = image.png; path = "あがりお.png"; sourceTree = "<group>"; };
		2795A7D51EED1DB0002249F4 /* TsubuyakuViewController.swift */ = {isa = PBXFileReference; fileEncoding = 4; lastKnownFileType = sourcecode.swift; path = TsubuyakuViewController.swift; sourceTree = "<group>"; };
		B24A79571F2C1BFE0066A39A /* User.swift */ = {isa = PBXFileReference; fileEncoding = 4; lastKnownFileType = sourcecode.swift; path = User.swift; sourceTree = "<group>"; };
		B254DE931EFF75060013CCA7 /* CreateViewController.swift */ = {isa = PBXFileReference; fileEncoding = 4; lastKnownFileType = sourcecode.swift; path = CreateViewController.swift; sourceTree = "<group>"; };
		B254DE951EFF91A50013CCA7 /* LoginViewController.swift */ = {isa = PBXFileReference; fileEncoding = 4; lastKnownFileType = sourcecode.swift; path = LoginViewController.swift; sourceTree = "<group>"; };
		B254DE971EFF91F50013CCA7 /* LaunchScreenViewController.swift */ = {isa = PBXFileReference; fileEncoding = 4; lastKnownFileType = sourcecode.swift; path = LaunchScreenViewController.swift; sourceTree = "<group>"; };
/* End PBXFileReference section */

/* Begin PBXFrameworksBuildPhase section */
		2711ED891EC801F300A7C115 /* Frameworks */ = {
			isa = PBXFrameworksBuildPhase;
			buildActionMask = 2147483647;
			files = (
			);
			runOnlyForDeploymentPostprocessing = 0;
		};
		2711ED9F1EC801F300A7C115 /* Frameworks */ = {
			isa = PBXFrameworksBuildPhase;
			buildActionMask = 2147483647;
			files = (
			);
			runOnlyForDeploymentPostprocessing = 0;
		};
		2711EDAA1EC801F300A7C115 /* Frameworks */ = {
			isa = PBXFrameworksBuildPhase;
			buildActionMask = 2147483647;
			files = (
			);
			runOnlyForDeploymentPostprocessing = 0;
		};
/* End PBXFrameworksBuildPhase section */

/* Begin PBXGroup section */
		2711ED831EC801F200A7C115 = {
			isa = PBXGroup;
			children = (
				2711ED8E1EC801F300A7C115 /* IdeaShare */,
				2711EDA51EC801F300A7C115 /* IdeaShareTests */,
				2711EDB01EC801F300A7C115 /* IdeaShareUITests */,
				2711ED8D1EC801F300A7C115 /* Products */,
			);
			sourceTree = "<group>";
		};
		2711ED8D1EC801F300A7C115 /* Products */ = {
			isa = PBXGroup;
			children = (
				2711ED8C1EC801F300A7C115 /* IdeaShare.app */,
				2711EDA21EC801F300A7C115 /* IdeaShareTests.xctest */,
				2711EDAD1EC801F300A7C115 /* IdeaShareUITests.xctest */,
			);
			name = Products;
			sourceTree = "<group>";
		};
		2711ED8E1EC801F300A7C115 /* IdeaShare */ = {
			isa = PBXGroup;
			children = (
				2711EDC71EC8277F00A7C115 /* あがりお.png */,
				2711ED8F1EC801F300A7C115 /* AppDelegate.swift */,
				2711ED911EC801F300A7C115 /* HomeViewController.swift */,
				2711ED931EC801F300A7C115 /* NotificationViewController.swift */,
				2711EDBF1EC80A7E00A7C115 /* MessageViewController.swift */,
				2711EDC11EC80A9700A7C115 /* PopularViewController.swift */,
				2711EDC31EC80ABC00A7C115 /* ProfileViewController.swift */,
				2711EDC51EC80AD800A7C115 /* SearchViewController.swift */,
				B254DE931EFF75060013CCA7 /* CreateViewController.swift */,
				B24A79571F2C1BFE0066A39A /* User.swift */,
				B254DE951EFF91A50013CCA7 /* LoginViewController.swift */,
				B254DE971EFF91F50013CCA7 /* LaunchScreenViewController.swift */,
				2795A7D51EED1DB0002249F4 /* TsubuyakuViewController.swift */,
				2711ED951EC801F300A7C115 /* Main.storyboard */,
				2711ED9A1EC801F300A7C115 /* LaunchScreen.storyboard */,
				2711ED981EC801F300A7C115 /* Assets.xcassets */,
				2711ED9D1EC801F300A7C115 /* Info.plist */,
			);
			path = IdeaShare;
			sourceTree = "<group>";
		};
		2711EDA51EC801F300A7C115 /* IdeaShareTests */ = {
			isa = PBXGroup;
			children = (
				2711EDA61EC801F300A7C115 /* IdeaShareTests.swift */,
				2711EDA81EC801F300A7C115 /* Info.plist */,
			);
			path = IdeaShareTests;
			sourceTree = "<group>";
		};
		2711EDB01EC801F300A7C115 /* IdeaShareUITests */ = {
			isa = PBXGroup;
			children = (
				2711EDB11EC801F300A7C115 /* IdeaShareUITests.swift */,
				2711EDB31EC801F300A7C115 /* Info.plist */,
			);
			path = IdeaShareUITests;
			sourceTree = "<group>";
		};
/* End PBXGroup section */

/* Begin PBXNativeTarget section */
		2711ED8B1EC801F300A7C115 /* IdeaShare */ = {
			isa = PBXNativeTarget;
			buildConfigurationList = 2711EDB61EC801F300A7C115 /* Build configuration list for PBXNativeTarget "IdeaShare" */;
			buildPhases = (
				2711ED881EC801F300A7C115 /* Sources */,
				2711ED891EC801F300A7C115 /* Frameworks */,
				2711ED8A1EC801F300A7C115 /* Resources */,
			);
			buildRules = (
			);
			dependencies = (
			);
			name = IdeaShare;
			productName = IdeaShare;
			productReference = 2711ED8C1EC801F300A7C115 /* IdeaShare.app */;
			productType = "com.apple.product-type.application";
		};
		2711EDA11EC801F300A7C115 /* IdeaShareTests */ = {
			isa = PBXNativeTarget;
			buildConfigurationList = 2711EDB91EC801F300A7C115 /* Build configuration list for PBXNativeTarget "IdeaShareTests" */;
			buildPhases = (
				2711ED9E1EC801F300A7C115 /* Sources */,
				2711ED9F1EC801F300A7C115 /* Frameworks */,
				2711EDA01EC801F300A7C115 /* Resources */,
			);
			buildRules = (
			);
			dependencies = (
				2711EDA41EC801F300A7C115 /* PBXTargetDependency */,
			);
			name = IdeaShareTests;
			productName = IdeaShareTests;
			productReference = 2711EDA21EC801F300A7C115 /* IdeaShareTests.xctest */;
			productType = "com.apple.product-type.bundle.unit-test";
		};
		2711EDAC1EC801F300A7C115 /* IdeaShareUITests */ = {
			isa = PBXNativeTarget;
			buildConfigurationList = 2711EDBC1EC801F300A7C115 /* Build configuration list for PBXNativeTarget "IdeaShareUITests" */;
			buildPhases = (
				2711EDA91EC801F300A7C115 /* Sources */,
				2711EDAA1EC801F300A7C115 /* Frameworks */,
				2711EDAB1EC801F300A7C115 /* Resources */,
			);
			buildRules = (
			);
			dependencies = (
				2711EDAF1EC801F300A7C115 /* PBXTargetDependency */,
			);
			name = IdeaShareUITests;
			productName = IdeaShareUITests;
			productReference = 2711EDAD1EC801F300A7C115 /* IdeaShareUITests.xctest */;
			productType = "com.apple.product-type.bundle.ui-testing";
		};
/* End PBXNativeTarget section */

/* Begin PBXProject section */
		2711ED841EC801F200A7C115 /* Project object */ = {
			isa = PBXProject;
			attributes = {
				LastSwiftUpdateCheck = 0810;
				LastUpgradeCheck = 0830;
				ORGANIZATIONNAME = "三城聖";
				TargetAttributes = {
					2711ED8B1EC801F300A7C115 = {
						CreatedOnToolsVersion = 8.1;
						ProvisioningStyle = Automatic;
					};
					2711EDA11EC801F300A7C115 = {
						CreatedOnToolsVersion = 8.1;
						ProvisioningStyle = Automatic;
						TestTargetID = 2711ED8B1EC801F300A7C115;
					};
					2711EDAC1EC801F300A7C115 = {
						CreatedOnToolsVersion = 8.1;
						ProvisioningStyle = Automatic;
						TestTargetID = 2711ED8B1EC801F300A7C115;
					};
				};
			};
			buildConfigurationList = 2711ED871EC801F200A7C115 /* Build configuration list for PBXProject "IdeaShare" */;
			compatibilityVersion = "Xcode 3.2";
			developmentRegion = English;
			hasScannedForEncodings = 0;
			knownRegions = (
				en,
				Base,
			);
			mainGroup = 2711ED831EC801F200A7C115;
			productRefGroup = 2711ED8D1EC801F300A7C115 /* Products */;
			projectDirPath = "";
			projectRoot = "";
			targets = (
				2711ED8B1EC801F300A7C115 /* IdeaShare */,
				2711EDA11EC801F300A7C115 /* IdeaShareTests */,
				2711EDAC1EC801F300A7C115 /* IdeaShareUITests */,
			);
		};
/* End PBXProject section */

/* Begin PBXResourcesBuildPhase section */
		2711ED8A1EC801F300A7C115 /* Resources */ = {
			isa = PBXResourcesBuildPhase;
			buildActionMask = 2147483647;
			files = (
				2711ED9C1EC801F300A7C115 /* LaunchScreen.storyboard in Resources */,
				2711ED991EC801F300A7C115 /* Assets.xcassets in Resources */,
				2711EDC81EC8277F00A7C115 /* あがりお.png in Resources */,
				2711ED971EC801F300A7C115 /* Main.storyboard in Resources */,
			);
			runOnlyForDeploymentPostprocessing = 0;
		};
		2711EDA01EC801F300A7C115 /* Resources */ = {
			isa = PBXResourcesBuildPhase;
			buildActionMask = 2147483647;
			files = (
			);
			runOnlyForDeploymentPostprocessing = 0;
		};
		2711EDAB1EC801F300A7C115 /* Resources */ = {
			isa = PBXResourcesBuildPhase;
			buildActionMask = 2147483647;
			files = (
			);
			runOnlyForDeploymentPostprocessing = 0;
		};
/* End PBXResourcesBuildPhase section */

/* Begin PBXSourcesBuildPhase section */
		2711ED881EC801F300A7C115 /* Sources */ = {
			isa = PBXSourcesBuildPhase;
			buildActionMask = 2147483647;
			files = (
				B254DE941EFF75060013CCA7 /* CreateViewController.swift in Sources */,
				2795A7D61EED1DB0002249F4 /* TsubuyakuViewController.swift in Sources */,
				2711EDC41EC80ABC00A7C115 /* ProfileViewController.swift in Sources */,
				2711EDC61EC80AD800A7C115 /* SearchViewController.swift in Sources */,
				2711ED941EC801F300A7C115 /* NotificationViewController.swift in Sources */,
				2711EDC21EC80A9700A7C115 /* PopularViewController.swift in Sources */,
				2711ED901EC801F300A7C115 /* AppDelegate.swift in Sources */,
				2711EDC01EC80A7E00A7C115 /* MessageViewController.swift in Sources */,
				B24A79581F2C1BFE0066A39A /* User.swift in Sources */,
				B254DE961EFF91A50013CCA7 /* LoginViewController.swift in Sources */,
				B254DE981EFF91F50013CCA7 /* LaunchScreenViewController.swift in Sources */,
				2711ED921EC801F300A7C115 /* HomeViewController.swift in Sources */,
			);
			runOnlyForDeploymentPostprocessing = 0;
		};
		2711ED9E1EC801F300A7C115 /* Sources */ = {
			isa = PBXSourcesBuildPhase;
			buildActionMask = 2147483647;
			files = (
				2795A7D71EED1DB0002249F4 /* TsubuyakuViewController.swift in Sources */,
				2795A7951EECEBC3002249F4 /* ProfileViewController.swift in Sources */,
				2711EDA71EC801F300A7C115 /* IdeaShareTests.swift in Sources */,
				2795A7971EECEBC8002249F4 /* HomeViewController.swift in Sources */,
			);
			runOnlyForDeploymentPostprocessing = 0;
		};
		2711EDA91EC801F300A7C115 /* Sources */ = {
			isa = PBXSourcesBuildPhase;
			buildActionMask = 2147483647;
			files = (
				2795A7D81EED1DB0002249F4 /* TsubuyakuViewController.swift in Sources */,
				2795A7961EECEBC3002249F4 /* ProfileViewController.swift in Sources */,
				2711EDB21EC801F300A7C115 /* IdeaShareUITests.swift in Sources */,
				2795A7981EECEBC9002249F4 /* HomeViewController.swift in Sources */,
			);
			runOnlyForDeploymentPostprocessing = 0;
		};
/* End PBXSourcesBuildPhase section */

/* Begin PBXTargetDependency section */
		2711EDA41EC801F300A7C115 /* PBXTargetDependency */ = {
			isa = PBXTargetDependency;
			target = 2711ED8B1EC801F300A7C115 /* IdeaShare */;
			targetProxy = 2711EDA31EC801F300A7C115 /* PBXContainerItemProxy */;
		};
		2711EDAF1EC801F300A7C115 /* PBXTargetDependency */ = {
			isa = PBXTargetDependency;
			target = 2711ED8B1EC801F300A7C115 /* IdeaShare */;
			targetProxy = 2711EDAE1EC801F300A7C115 /* PBXContainerItemProxy */;
		};
/* End PBXTargetDependency section */

/* Begin PBXVariantGroup section */
		2711ED951EC801F300A7C115 /* Main.storyboard */ = {
			isa = PBXVariantGroup;
			children = (
				2711ED961EC801F300A7C115 /* Base */,
			);
			name = Main.storyboard;
			sourceTree = "<group>";
		};
		2711ED9A1EC801F300A7C115 /* LaunchScreen.storyboard */ = {
			isa = PBXVariantGroup;
			children = (
				2711ED9B1EC801F300A7C115 /* Base */,
			);
			name = LaunchScreen.storyboard;
			sourceTree = "<group>";
		};
/* End PBXVariantGroup section */

/* Begin XCBuildConfiguration section */
		2711EDB41EC801F300A7C115 /* Debug */ = {
			isa = XCBuildConfiguration;
			buildSettings = {
				ALWAYS_SEARCH_USER_PATHS = NO;
				CLANG_ANALYZER_NONNULL = YES;
				CLANG_CXX_LANGUAGE_STANDARD = "gnu++0x";
				CLANG_CXX_LIBRARY = "libc++";
				CLANG_ENABLE_MODULES = YES;
				CLANG_ENABLE_OBJC_ARC = YES;
				CLANG_WARN_BOOL_CONVERSION = YES;
				CLANG_WARN_CONSTANT_CONVERSION = YES;
				CLANG_WARN_DIRECT_OBJC_ISA_USAGE = YES_ERROR;
				CLANG_WARN_DOCUMENTATION_COMMENTS = YES;
				CLANG_WARN_EMPTY_BODY = YES;
				CLANG_WARN_ENUM_CONVERSION = YES;
				CLANG_WARN_INFINITE_RECURSION = YES;
				CLANG_WARN_INT_CONVERSION = YES;
				CLANG_WARN_OBJC_ROOT_CLASS = YES_ERROR;
				CLANG_WARN_SUSPICIOUS_MOVE = YES;
				CLANG_WARN_SUSPICIOUS_MOVES = YES;
				CLANG_WARN_UNREACHABLE_CODE = YES;
				CLANG_WARN__DUPLICATE_METHOD_MATCH = YES;
				"CODE_SIGN_IDENTITY[sdk=iphoneos*]" = "iPhone Developer";
				COPY_PHASE_STRIP = NO;
				DEBUG_INFORMATION_FORMAT = dwarf;
				ENABLE_STRICT_OBJC_MSGSEND = YES;
				ENABLE_TESTABILITY = YES;
				GCC_C_LANGUAGE_STANDARD = gnu99;
				GCC_DYNAMIC_NO_PIC = NO;
				GCC_NO_COMMON_BLOCKS = YES;
				GCC_OPTIMIZATION_LEVEL = 0;
				GCC_PREPROCESSOR_DEFINITIONS = (
					"DEBUG=1",
					"$(inherited)",
				);
				GCC_WARN_64_TO_32_BIT_CONVERSION = YES;
				GCC_WARN_ABOUT_RETURN_TYPE = YES_ERROR;
				GCC_WARN_UNDECLARED_SELECTOR = YES;
				GCC_WARN_UNINITIALIZED_AUTOS = YES_AGGRESSIVE;
				GCC_WARN_UNUSED_FUNCTION = YES;
				GCC_WARN_UNUSED_VARIABLE = YES;
				IPHONEOS_DEPLOYMENT_TARGET = 10.1;
				MTL_ENABLE_DEBUG_INFO = YES;
				ONLY_ACTIVE_ARCH = YES;
				SDKROOT = iphoneos;
				SWIFT_ACTIVE_COMPILATION_CONDITIONS = DEBUG;
				SWIFT_OPTIMIZATION_LEVEL = "-Onone";
			};
			name = Debug;
		};
		2711EDB51EC801F300A7C115 /* Release */ = {
			isa = XCBuildConfiguration;
			buildSettings = {
				ALWAYS_SEARCH_USER_PATHS = NO;
				CLANG_ANALYZER_NONNULL = YES;
				CLANG_CXX_LANGUAGE_STANDARD = "gnu++0x";
				CLANG_CXX_LIBRARY = "libc++";
				CLANG_ENABLE_MODULES = YES;
				CLANG_ENABLE_OBJC_ARC = YES;
				CLANG_WARN_BOOL_CONVERSION = YES;
				CLANG_WARN_CONSTANT_CONVERSION = YES;
				CLANG_WARN_DIRECT_OBJC_ISA_USAGE = YES_ERROR;
				CLANG_WARN_DOCUMENTATION_COMMENTS = YES;
				CLANG_WARN_EMPTY_BODY = YES;
				CLANG_WARN_ENUM_CONVERSION = YES;
				CLANG_WARN_INFINITE_RECURSION = YES;
				CLANG_WARN_INT_CONVERSION = YES;
				CLANG_WARN_OBJC_ROOT_CLASS = YES_ERROR;
				CLANG_WARN_SUSPICIOUS_MOVE = YES;
				CLANG_WARN_SUSPICIOUS_MOVES = YES;
				CLANG_WARN_UNREACHABLE_CODE = YES;
				CLANG_WARN__DUPLICATE_METHOD_MATCH = YES;
				"CODE_SIGN_IDENTITY[sdk=iphoneos*]" = "iPhone Developer";
				COPY_PHASE_STRIP = NO;
				DEBUG_INFORMATION_FORMAT = "dwarf-with-dsym";
				ENABLE_NS_ASSERTIONS = NO;
				ENABLE_STRICT_OBJC_MSGSEND = YES;
				GCC_C_LANGUAGE_STANDARD = gnu99;
				GCC_NO_COMMON_BLOCKS = YES;
				GCC_WARN_64_TO_32_BIT_CONVERSION = YES;
				GCC_WARN_ABOUT_RETURN_TYPE = YES_ERROR;
				GCC_WARN_UNDECLARED_SELECTOR = YES;
				GCC_WARN_UNINITIALIZED_AUTOS = YES_AGGRESSIVE;
				GCC_WARN_UNUSED_FUNCTION = YES;
				GCC_WARN_UNUSED_VARIABLE = YES;
				IPHONEOS_DEPLOYMENT_TARGET = 10.1;
				MTL_ENABLE_DEBUG_INFO = NO;
				SDKROOT = iphoneos;
				SWIFT_OPTIMIZATION_LEVEL = "-Owholemodule";
				VALIDATE_PRODUCT = YES;
			};
			name = Release;
		};
		2711EDB71EC801F300A7C115 /* Debug */ = {
			isa = XCBuildConfiguration;
			buildSettings = {
				ASSETCATALOG_COMPILER_APPICON_NAME = AppIcon;
				INFOPLIST_FILE = IdeaShare/Info.plist;
				LD_RUNPATH_SEARCH_PATHS = "$(inherited) @executable_path/Frameworks";
				PRODUCT_BUNDLE_IDENTIFIER = com.hijiki.IdeaShare;
				PRODUCT_NAME = "$(TARGET_NAME)";
				SWIFT_VERSION = 3.0;
			};
			name = Debug;
		};
		2711EDB81EC801F300A7C115 /* Release */ = {
			isa = XCBuildConfiguration;
			buildSettings = {
				ASSETCATALOG_COMPILER_APPICON_NAME = AppIcon;
				INFOPLIST_FILE = IdeaShare/Info.plist;
				LD_RUNPATH_SEARCH_PATHS = "$(inherited) @executable_path/Frameworks";
				PRODUCT_BUNDLE_IDENTIFIER = com.hijiki.IdeaShare;
				PRODUCT_NAME = "$(TARGET_NAME)";
				SWIFT_VERSION = 3.0;
			};
			name = Release;
		};
		2711EDBA1EC801F300A7C115 /* Debug */ = {
			isa = XCBuildConfiguration;
			buildSettings = {
				ALWAYS_EMBED_SWIFT_STANDARD_LIBRARIES = YES;
				BUNDLE_LOADER = "$(TEST_HOST)";
				INFOPLIST_FILE = IdeaShareTests/Info.plist;
				LD_RUNPATH_SEARCH_PATHS = "$(inherited) @executable_path/Frameworks @loader_path/Frameworks";
				PRODUCT_BUNDLE_IDENTIFIER = com.hijiki.IdeaShareTests;
				PRODUCT_NAME = "$(TARGET_NAME)";
				SWIFT_VERSION = 3.0;
				TEST_HOST = "$(BUILT_PRODUCTS_DIR)/IdeaShare.app/IdeaShare";
			};
			name = Debug;
		};
		2711EDBB1EC801F300A7C115 /* Release */ = {
			isa = XCBuildConfiguration;
			buildSettings = {
				ALWAYS_EMBED_SWIFT_STANDARD_LIBRARIES = YES;
				BUNDLE_LOADER = "$(TEST_HOST)";
				INFOPLIST_FILE = IdeaShareTests/Info.plist;
				LD_RUNPATH_SEARCH_PATHS = "$(inherited) @executable_path/Frameworks @loader_path/Frameworks";
				PRODUCT_BUNDLE_IDENTIFIER = com.hijiki.IdeaShareTests;
				PRODUCT_NAME = "$(TARGET_NAME)";
				SWIFT_VERSION = 3.0;
				TEST_HOST = "$(BUILT_PRODUCTS_DIR)/IdeaShare.app/IdeaShare";
			};
			name = Release;
		};
		2711EDBD1EC801F300A7C115 /* Debug */ = {
			isa = XCBuildConfiguration;
			buildSettings = {
				ALWAYS_EMBED_SWIFT_STANDARD_LIBRARIES = YES;
				INFOPLIST_FILE = IdeaShareUITests/Info.plist;
				LD_RUNPATH_SEARCH_PATHS = "$(inherited) @executable_path/Frameworks @loader_path/Frameworks";
				PRODUCT_BUNDLE_IDENTIFIER = com.hijiki.IdeaShareUITests;
				PRODUCT_NAME = "$(TARGET_NAME)";
				SWIFT_VERSION = 3.0;
				TEST_TARGET_NAME = IdeaShare;
			};
			name = Debug;
		};
		2711EDBE1EC801F300A7C115 /* Release */ = {
			isa = XCBuildConfiguration;
			buildSettings = {
				ALWAYS_EMBED_SWIFT_STANDARD_LIBRARIES = YES;
				INFOPLIST_FILE = IdeaShareUITests/Info.plist;
				LD_RUNPATH_SEARCH_PATHS = "$(inherited) @executable_path/Frameworks @loader_path/Frameworks";
				PRODUCT_BUNDLE_IDENTIFIER = com.hijiki.IdeaShareUITests;
				PRODUCT_NAME = "$(TARGET_NAME)";
				SWIFT_VERSION = 3.0;
				TEST_TARGET_NAME = IdeaShare;
			};
			name = Release;
		};
/* End XCBuildConfiguration section */

/* Begin XCConfigurationList section */
		2711ED871EC801F200A7C115 /* Build configuration list for PBXProject "IdeaShare" */ = {
			isa = XCConfigurationList;
			buildConfigurations = (
				2711EDB41EC801F300A7C115 /* Debug */,
				2711EDB51EC801F300A7C115 /* Release */,
			);
			defaultConfigurationIsVisible = 0;
			defaultConfigurationName = Release;
		};
		2711EDB61EC801F300A7C115 /* Build configuration list for PBXNativeTarget "IdeaShare" */ = {
			isa = XCConfigurationList;
			buildConfigurations = (
				2711EDB71EC801F300A7C115 /* Debug */,
				2711EDB81EC801F300A7C115 /* Release */,
			);
			defaultConfigurationIsVisible = 0;
			defaultConfigurationName = Release;
		};
		2711EDB91EC801F300A7C115 /* Build configuration list for PBXNativeTarget "IdeaShareTests" */ = {
			isa = XCConfigurationList;
			buildConfigurations = (
				2711EDBA1EC801F300A7C115 /* Debug */,
				2711EDBB1EC801F300A7C115 /* Release */,
			);
			defaultConfigurationIsVisible = 0;
			defaultConfigurationName = Release;
		};
		2711EDBC1EC801F300A7C115 /* Build configuration list for PBXNativeTarget "IdeaShareUITests" */ = {
			isa = XCConfigurationList;
			buildConfigurations = (
				2711EDBD1EC801F300A7C115 /* Debug */,
				2711EDBE1EC801F300A7C115 /* Release */,
			);
			defaultConfigurationIsVisible = 0;
			defaultConfigurationName = Release;
		};
/* End XCConfigurationList section */
	};
	rootObject = 2711ED841EC801F200A7C115 /* Project object */;
}
